{
  "name": "biati.phpcsfixer",
  "version": "1.0.4",
  "lockfileVersion": 1,
  "requires": true,
  "dependencies": {
    "@types/node": {
      "version": "12.19.9",
      "resolved": "https://registry.npmjs.org/@types/node/-/node-12.19.9.tgz",
      "integrity": "sha512-yj0DOaQeUrk3nJ0bd3Y5PeDRJ6W0r+kilosLA+dzF3dola/o9hxhMSg2sFvVcA2UHS5JSOsZp4S0c1OEXc4m1Q=="
    },
    "file-saver": {
      "version": "2.0.5",
      "resolved": "https://registry.npmjs.org/file-saver/-/file-saver-2.0.5.tgz",
      "integrity": "sha512-P9bmyZ3h/PRG+Nzga+rbdI4OEpNDzAVyy74uVO9ATgzLK6VtAsYybF/+TOCvrc0MO793d6+42lLyZTw7/ArVzA=="
    },
    "prettydiff": {
      "version": "101.2.6",
      "resolved": "https://registry.npmjs.org/prettydiff/-/prettydiff-101.2.6.tgz",
      "integrity": "sha512-/fJ33pQ8MPI7+IB8fo/lOMR58CE/4GYNZRtjcQiPYmGNMo1HS9KmaybYdtEnfmx5EOSe/ch3Sg2fJ8YkNKb/XQ==",
      "requires": {
        "@types/node": "^12.7.2",
        "file-saver": "^2.0.2",
        "sparser": "^1.4.11"
      }
    },
    "sparser": {
      "version": "1.4.12",
      "resolved": "https://registry.npmjs.org/sparser/-/sparser-1.4.12.tgz",
      "integrity": "sha512-qxDcacCuwHbvsf803PpZuETRI1pU8NAmLbyzZqFHPW7QjPK9pnCoX9ZPPbOMyiti6EOocfYzqzDPWj4fICXNzw==",
      "requires": {
        "@types/node": "^12.7.1"
      }
    },
    "uninstall": {
      "version": "0.0.0",
      "resolved": "https://registry.npmjs.org/uninstall/-/uninstall-0.0.0.tgz",
      "integrity": "sha1-ED5uN+nFLshXVCzSWQI9ccej+ys="
    }
  }
}
